<?xml version="1.0" encoding="utf-8"?>
<Project ToolsVersion="4.0" xmlns="http://schemas.microsoft.com/developer/msbuild/2003">
  <ItemGroup>
    <Filter Include="Source Files">
      <UniqueIdentifier>{4FC737F1-C7A5-4376-A066-2A32D752A2FF}</UniqueIdentifier>
      <Extensions>cpp;c;cc;cxx;c++;cppm;ixx;def;odl;idl;hpj;bat;asm;asmx</Extensions>
    </Filter>
    <Filter Include="Header Files">
      <UniqueIdentifier>{93995380-89BD-4b04-88EB-625FBE52EBFB}</UniqueIdentifier>
      <Extensions>h;hh;hpp;hxx;h++;hm;inl;inc;ipp;xsd</Extensions>
    </Filter>
    <Filter Include="Resource Files">
      <UniqueIdentifier>{67DA6AB6-F800-4c08-8B7A-83BB121AAD01}</UniqueIdentifier>
      <Extensions>rc;ico;cur;bmp;dlg;rc2;rct;bin;rgs;gif;jpg;jpeg;jpe;resx;tiff;tif;png;wav;mfcribbon-ms</Extensions>
    </Filter>
    <Filter Include="Header Files\scene">
      <UniqueIdentifier>{c560ac93-8384-4167-8dc4-0267409244fd}</UniqueIdentifier>
    </Filter>
    <Filter Include="Header Files\character">
      <UniqueIdentifier>{5e712aec-2a1f-4898-ad0f-5056754d6c32}</UniqueIdentifier>
    </Filter>
    <Filter Include="Source Files\scene">
      <UniqueIdentifier>{eefaa558-1c77-4bfd-bb54-293fd5a3f614}</UniqueIdentifier>
    </Filter>
    <Filter Include="Source Files\character">
      <UniqueIdentifier>{28c80a81-463d-4769-9e5e-ac8e426c78cf}</UniqueIdentifier>
    </Filter>
  </ItemGroup>
  <ItemGroup>
    <ClCompile Include="FFVI.cpp">
      <Filter>Source Files</Filter>
    </ClCompile>
    <ClCompile Include="terra.cpp">
      <Filter>Source Files\character</Filter>
    </ClCompile>
    <ClCompile Include="gameplay.cpp">
      <Filter>Source Files\scene</Filter>
    </ClCompile>
    <ClCompile Include="battle.cpp">
      <Filter>Source Files\scene</Filter>
    </ClCompile>
    <ClCompile Include="base.cpp">
      <Filter>Source Files\character</Filter>
    </ClCompile>
  </ItemGroup>
  <ItemGroup>
    <ClInclude Include="sega_logo.hpp">
      <Filter>Header Files\character</Filter>
    </ClInclude>
    <ClInclude Include="team_logo.hpp">
      <Filter>Header Files\character</Filter>
    </ClInclude>
    <ClInclude Include="terra.hpp">
      <Filter>Header Files\character</Filter>
    </ClInclude>
    <ClInclude Include="battle.hpp">
      <Filter>Header Files\scene</Filter>
    </ClInclude>
    <ClInclude Include="gameplay.hpp">
      <Filter>Header Files\scene</Filter>
    </ClInclude>
    <ClInclude Include="base.hpp">
      <Filter>Header Files\character</Filter>
    </ClInclude>
  </ItemGroup>
</Project>